
Microsoft Visual Studio Solution File, Format Version 12.00
# Visual Studio 2015
Project("{FAE04EC0-301F-11D3-BF4B-00C04F79EFBC}") = "Test_FPS_Project.CSharp.Plugins", "Test_FPS_Project.CSharp.Plugins.csproj", "{062AF6BA-7320-68C8-D060-AA0439A71115}"
EndProject
Project("{FAE04EC0-301F-11D3-BF4B-00C04F79EFBC}") = "Test_FPS_Project.CSharp", "Test_FPS_Project.CSharp.csproj", "{5AE71D94-CF91-9155-26C8-50EC4492508E}"
EndProject
Project("{FAE04EC0-301F-11D3-BF4B-00C04F79EFBC}") = "Test_FPS_Project.CSharp.Editor", "Test_FPS_Project.CSharp.Editor.csproj", "{91D306BC-1A06-D532-CB42-80A275788620}"
EndProject
Global
	GlobalSection(SolutionConfigurationPlatforms) = preSolution
		Debug|Any CPU = Debug|Any CPU
		Release|Any CPU = Release|Any CPU
	EndGlobalSection
	GlobalSection(ProjectConfigurationPlatforms) = postSolution
		{062AF6BA-7320-68C8-D060-AA0439A71115}.Debug|Any CPU.ActiveCfg = Debug|Any CPU
		{062AF6BA-7320-68C8-D060-AA0439A71115}.Debug|Any CPU.Build.0 = Debug|Any CPU
		{062AF6BA-7320-68C8-D060-AA0439A71115}.Release|Any CPU.ActiveCfg = Release|Any CPU
		{062AF6BA-7320-68C8-D060-AA0439A71115}.Release|Any CPU.Build.0 = Release|Any CPU
		{5AE71D94-CF91-9155-26C8-50EC4492508E}.Debug|Any CPU.ActiveCfg = Debug|Any CPU
		{5AE71D94-CF91-9155-26C8-50EC4492508E}.Debug|Any CPU.Build.0 = Debug|Any CPU
		{5AE71D94-CF91-9155-26C8-50EC4492508E}.Release|Any CPU.ActiveCfg = Release|Any CPU
		{5AE71D94-CF91-9155-26C8-50EC4492508E}.Release|Any CPU.Build.0 = Release|Any CPU
		{91D306BC-1A06-D532-CB42-80A275788620}.Debug|Any CPU.ActiveCfg = Debug|Any CPU
		{91D306BC-1A06-D532-CB42-80A275788620}.Debug|Any CPU.Build.0 = Debug|Any CPU
		{91D306BC-1A06-D532-CB42-80A275788620}.Release|Any CPU.ActiveCfg = Release|Any CPU
		{91D306BC-1A06-D532-CB42-80A275788620}.Release|Any CPU.Build.0 = Release|Any CPU
	EndGlobalSection
	GlobalSection(SolutionProperties) = preSolution
		HideSolutionNode = FALSE
	EndGlobalSection
EndGlobal
